
Microsoft Visual Studio Solution File, Format Version 12.00
# Visual Studio Version 16
VisualStudioVersion = 16.0.31727.386
MinimumVisualStudioVersion = 10.0.40219.1
Project("{FAE04EC0-301F-11D3-BF4B-00C04F79EFBC}") = "PRS-serverside", "PRS-serverside\PRS-serverside.csproj", "{444FF701-B24B-4D01-A2B1-66638009BC95}"
EndProject
Global
	GlobalSection(SolutionConfigurationPlatforms) = preSolution
		Debug|Any CPU = Debug|Any CPU
		Release|Any CPU = Release|Any CPU
	EndGlobalSection
	GlobalSection(ProjectConfigurationPlatforms) = postSolution
		{444FF701-B24B-4D01-A2B1-66638009BC95}.Debug|Any CPU.ActiveCfg = Debug|Any CPU
		{444FF701-B24B-4D01-A2B1-66638009BC95}.Debug|Any CPU.Build.0 = Debug|Any CPU
		{444FF701-B24B-4D01-A2B1-66638009BC95}.Release|Any CPU.ActiveCfg = Release|Any CPU
		{444FF701-B24B-4D01-A2B1-66638009BC95}.Release|Any CPU.Build.0 = Release|Any CPU
	EndGlobalSection
	GlobalSection(SolutionProperties) = preSolution
		HideSolutionNode = FALSE
	EndGlobalSection
	GlobalSection(ExtensibilityGlobals) = postSolution
		SolutionGuid = {877CB356-BDE6-45D7-B5C9-CBFDD71AAD1E}
	EndGlobalSection
EndGlobal
